// !$*UTF8*$!
{
	archiveVersion = 1;
	classes = {
	};
	objectVersion = 46;
	objects = {

/* Begin PBXBuildFile section */
		957F69041BE06DA900698772 /* main.m in Sources */ = {isa = PBXBuildFile; fileRef = 957F69031BE06DA900698772 /* main.m */; };
		957F69071BE06DA900698772 /* AppDelegate.m in Sources */ = {isa = PBXBuildFile; fileRef = 957F69061BE06DA900698772 /* AppDelegate.m */; };
		957F690A1BE06DA900698772 /* ViewController.m in Sources */ = {isa = PBXBuildFile; fileRef = 957F69091BE06DA900698772 /* ViewController.m */; };
		957F690D1BE06DA900698772 /* Main.storyboard in Resources */ = {isa = PBXBuildFile; fileRef = 957F690B1BE06DA900698772 /* Main.storyboard */; };
		957F690F1BE06DA900698772 /* Assets.xcassets in Resources */ = {isa = PBXBuildFile; fileRef = 957F690E1BE06DA900698772 /* Assets.xcassets */; };
		957F69121BE06DA900698772 /* LaunchScreen.storyboard in Resources */ = {isa = PBXBuildFile; fileRef = 957F69101BE06DA900698772 /* LaunchScreen.storyboard */; };
		957F691D1BE06DA900698772 /* TestRuntimeTests.m in Sources */ = {isa = PBXBuildFile; fileRef = 957F691C1BE06DA900698772 /* TestRuntimeTests.m */; };
		957F69281BE06DA900698772 /* TestRuntimeUITests.m in Sources */ = {isa = PBXBuildFile; fileRef = 957F69271BE06DA900698772 /* TestRuntimeUITests.m */; };
/* End PBXBuildFile section */

/* Begin PBXContainerItemProxy section */
		957F69191BE06DA900698772 /* PBXContainerItemProxy */ = {
			isa = PBXContainerItemProxy;
			containerPortal = 957F68F71BE06DA900698772 /* Project object */;
			proxyType = 1;
			remoteGlobalIDString = 957F68FE1BE06DA900698772;
			remoteInfo = TestRuntime;
		};
		957F69241BE06DA900698772 /* PBXContainerItemProxy */ = {
			isa = PBXContainerItemProxy;
			containerPortal = 957F68F71BE06DA900698772 /* Project object */;
			proxyType = 1;
			remoteGlobalIDString = 957F68FE1BE06DA900698772;
			remoteInfo = TestRuntime;
		};
/* End PBXContainerItemProxy section */

/* Begin PBXFileReference section */
		957F68FF1BE06DA900698772 /* TestRuntime.app */ = {isa = PBXFileReference; explicitFileType = wrapper.application; includeInIndex = 0; path = TestRuntime.app; sourceTree = BUILT_PRODUCTS_DIR; };
		957F69031BE06DA900698772 /* main.m */ = {isa = PBXFileReference; lastKnownFileType = sourcecode.c.objc; path = main.m; sourceTree = "<group>"; };
		957F69051BE06DA900698772 /* AppDelegate.h */ = {isa = PBXFileReference; lastKnownFileType = sourcecode.c.h; path = AppDelegate.h; sourceTree = "<group>"; };
		957F69061BE06DA900698772 /* AppDelegate.m */ = {isa = PBXFileReference; lastKnownFileType = sourcecode.c.objc; path = AppDelegate.m; sourceTree = "<group>"; };
		957F69081BE06DA900698772 /* ViewController.h */ = {isa = PBXFileReference; lastKnownFileType = sourcecode.c.h; path = ViewController.h; sourceTree = "<group>"; };
		957F69091BE06DA900698772 /* ViewController.m */ = {isa = PBXFileReference; lastKnownFileType = sourcecode.c.objc; path = ViewController.m; sourceTree = "<group>"; };
		957F690C1BE06DA900698772 /* Base */ = {isa = PBXFileReference; lastKnownFileType = file.storyboard; name = Base; path = Base.lproj/Main.storyboard; sourceTree = "<group>"; };
		957F690E1BE06DA900698772 /* Assets.xcassets */ = {isa = PBXFileReference; lastKnownFileType = folder.assetcatalog; path = Assets.xcassets; sourceTree = "<group>"; };
		957F69111BE06DA900698772 /* Base */ = {isa = PBXFileReference; lastKnownFileType = file.storyboard; name = Base; path = Base.lproj/LaunchScreen.storyboard; sourceTree = "<group>"; };
		957F69131BE06DA900698772 /* Info.plist */ = {isa = PBXFileReference; lastKnownFileType = text.plist.xml; path = Info.plist; sourceTree = "<group>"; };
		957F69181BE06DA900698772 /* TestRuntimeTests.xctest */ = {isa = PBXFileReference; explicitFileType = wrapper.cfbundle; includeInIndex = 0; path = TestRuntimeTests.xctest; sourceTree = BUILT_PRODUCTS_DIR; };
		957F691C1BE06DA900698772 /* TestRuntimeTests.m */ = {isa = PBXFileReference; lastKnownFileType = sourcecode.c.objc; path = TestRuntimeTests.m; sourceTree = "<group>"; };
		957F691E1BE06DA900698772 /* Info.plist */ = {isa = PBXFileReference; lastKnownFileType = text.plist.xml; path = Info.plist; sourceTree = "<group>"; };
		957F69231BE06DA900698772 /* TestRuntimeUITests.xctest */ = {isa = PBXFileReference; explicitFileType = wrapper.cfbundle; includeInIndex = 0; path = TestRuntimeUITests.xctest; sourceTree = BUILT_PRODUCTS_DIR; };
		957F69271BE06DA900698772 /* TestRuntimeUITests.m */ = {isa = PBXFileReference; lastKnownFileType = sourcecode.c.objc; path = TestRuntimeUITests.m; sourceTree = "<group>"; };
		957F69291BE06DA900698772 /* Info.plist */ = {isa = PBXFileReference; lastKnownFileType = text.plist.xml; path = Info.plist; sourceTree = "<group>"; };
/* End PBXFileReference section */

/* Begin PBXFrameworksBuildPhase section */
		957F68FC1BE06DA900698772 /* Frameworks */ = {
			isa = PBXFrameworksBuildPhase;
			buildActionMask = 2147483647;
			files = (
			);
			runOnlyForDeploymentPostprocessing = 0;
		};
		957F69151BE06DA900698772 /* Frameworks */ = {
			isa = PBXFrameworksBuildPhase;
			buildActionMask = 2147483647;
			files = (
			);
			runOnlyForDeploymentPostprocessing = 0;
		};
		957F69201BE06DA900698772 /* Frameworks */ = {
			isa = PBXFrameworksBuildPhase;
			buildActionMask = 2147483647;
			files = (
			);
			runOnlyForDeploymentPostprocessing = 0;
		};
/* End PBXFrameworksBuildPhase section */

/* Begin PBXGroup section */
		957F68F61BE06DA900698772 = {
			isa = PBXGroup;
			children = (
				957F69011BE06DA900698772 /* TestRuntime */,
				957F691B1BE06DA900698772 /* TestRuntimeTests */,
				957F69261BE06DA900698772 /* TestRuntimeUITests */,
				957F69001BE06DA900698772 /* Products */,
			);
			sourceTree = "<group>";
		};
		957F69001BE06DA900698772 /* Products */ = {
			isa = PBXGroup;
			children = (
				957F68FF1BE06DA900698772 /* TestRuntime.app */,
				957F69181BE06DA900698772 /* TestRuntimeTests.xctest */,
				957F69231BE06DA900698772 /* TestRuntimeUITests.xctest */,
			);
			name = Products;
			sourceTree = "<group>";
		};
		957F69011BE06DA900698772 /* TestRuntime */ = {
			isa = PBXGroup;
			children = (
				957F69051BE06DA900698772 /* AppDelegate.h */,
				957F69061BE06DA900698772 /* AppDelegate.m */,
				957F69081BE06DA900698772 /* ViewController.h */,
				957F69091BE06DA900698772 /* ViewController.m */,
				957F690B1BE06DA900698772 /* Main.storyboard */,
				957F690E1BE06DA900698772 /* Assets.xcassets */,
				957F69101BE06DA900698772 /* LaunchScreen.storyboard */,
				957F69131BE06DA900698772 /* Info.plist */,
				957F69021BE06DA900698772 /* Supporting Files */,
			);
			path = TestRuntime;
			sourceTree = "<group>";
		};
		957F69021BE06DA900698772 /* Supporting Files */ = {
			isa = PBXGroup;
			children = (
				957F69031BE06DA900698772 /* main.m */,
			);
			name = "Supporting Files";
			sourceTree = "<group>";
		};
		957F691B1BE06DA900698772 /* TestRuntimeTests */ = {
			isa = PBXGroup;
			children = (
				957F691C1BE06DA900698772 /* TestRuntimeTests.m */,
				957F691E1BE06DA900698772 /* Info.plist */,
			);
			path = TestRuntimeTests;
			sourceTree = "<group>";
		};
		957F69261BE06DA900698772 /* TestRuntimeUITests */ = {
			isa = PBXGroup;
			children = (
				957F69271BE06DA900698772 /* TestRuntimeUITests.m */,
				957F69291BE06DA900698772 /* Info.plist */,
			);
			path = TestRuntimeUITests;
			sourceTree = "<group>";
		};
/* End PBXGroup section */

/* Begin PBXNativeTarget section */
		957F68FE1BE06DA900698772 /* TestRuntime */ = {
			isa = PBXNativeTarget;
			buildConfigurationList = 957F692C1BE06DA900698772 /* Build configuration list for PBXNativeTarget "TestRuntime" */;
			buildPhases = (
				957F68FB1BE06DA900698772 /* Sources */,
				957F68FC1BE06DA900698772 /* Frameworks */,
				957F68FD1BE06DA900698772 /* Resources */,
			);
			buildRules = (
			);
			dependencies = (
			);
			name = TestRuntime;
			productName = TestRuntime;
			productReference = 957F68FF1BE06DA900698772 /* TestRuntime.app */;
			productType = "com.apple.product-type.application";
		};
		957F69171BE06DA900698772 /* TestRuntimeTests */ = {
			isa = PBXNativeTarget;
			buildConfigurationList = 957F692F1BE06DA900698772 /* Build configuration list for PBXNativeTarget "TestRuntimeTests" */;
			buildPhases = (
				957F69141BE06DA900698772 /* Sources */,
				957F69151BE06DA900698772 /* Frameworks */,
				957F69161BE06DA900698772 /* Resources */,
			);
			buildRules = (
			);
			dependencies = (
				957F691A1BE06DA900698772 /* PBXTargetDependency */,
			);
			name = TestRuntimeTests;
			productName = TestRuntimeTests;
			productReference = 957F69181BE06DA900698772 /* TestRuntimeTests.xctest */;
			productType = "com.apple.product-type.bundle.unit-test";
		};
		957F69221BE06DA900698772 /* TestRuntimeUITests */ = {
			isa = PBXNativeTarget;
			buildConfigurationList = 957F69321BE06DA900698772 /* Build configuration list for PBXNativeTarget "TestRuntimeUITests" */;
			buildPhases = (
				957F691F1BE06DA900698772 /* Sources */,
				957F69201BE06DA900698772 /* Frameworks */,
				957F69211BE06DA900698772 /* Resources */,
			);
			buildRules = (
			);
			dependencies = (
				957F69251BE06DA900698772 /* PBXTargetDependency */,
			);
			name = TestRuntimeUITests;
			productName = TestRuntimeUITests;
			productReference = 957F69231BE06DA900698772 /* TestRuntimeUITests.xctest */;
			productType = "com.apple.product-type.bundle.ui-testing";
		};
/* End PBXNativeTarget section */

/* Begin PBXProject section */
		957F68F71BE06DA900698772 /* Project object */ = {
			isa = PBXProject;
			attributes = {
				LastUpgradeCheck = 0700;
				ORGANIZATIONNAME = "石坚";
				TargetAttributes = {
					957F68FE1BE06DA900698772 = {
						CreatedOnToolsVersion = 7.0.1;
					};
					957F69171BE06DA900698772 = {
						CreatedOnToolsVersion = 7.0.1;
						TestTargetID = 957F68FE1BE06DA900698772;
					};
					957F69221BE06DA900698772 = {
						CreatedOnToolsVersion = 7.0.1;
						TestTargetID = 957F68FE1BE06DA900698772;
					};
				};
			};
			buildConfigurationList = 957F68FA1BE06DA900698772 /* Build configuration list for PBXProject "TestRuntime" */;
			compatibilityVersion = "Xcode 3.2";
			developmentRegion = English;
			hasScannedForEncodings = 0;
			knownRegions = (
				en,
				Base,
			);
			mainGroup = 957F68F61BE06DA900698772;
			productRefGroup = 957F69001BE06DA900698772 /* Products */;
			projectDirPath = "";
			projectRoot = "";
			targets = (
				957F68FE1BE06DA900698772 /* TestRuntime */,
				957F69171BE06DA900698772 /* TestRuntimeTests */,
				957F69221BE06DA900698772 /* TestRuntimeUITests */,
			);
		};
/* End PBXProject section */

/* Begin PBXResourcesBuildPhase section */
		957F68FD1BE06DA900698772 /* Resources */ = {
			isa = PBXResourcesBuildPhase;
			buildActionMask = 2147483647;
			files = (
				957F69121BE06DA900698772 /* LaunchScreen.storyboard in Resources */,
				957F690F1BE06DA900698772 /* Assets.xcassets in Resources */,
				957F690D1BE06DA900698772 /* Main.storyboard in Resources */,
			);
			runOnlyForDeploymentPostprocessing = 0;
		};
		957F69161BE06DA900698772 /* Resources */ = {
			isa = PBXResourcesBuildPhase;
			buildActionMask = 2147483647;
			files = (
			);
			runOnlyForDeploymentPostprocessing = 0;
		};
		957F69211BE06DA900698772 /* Resources */ = {
			isa = PBXResourcesBuildPhase;
			buildActionMask = 2147483647;
			files = (
			);
			runOnlyForDeploymentPostprocessing = 0;
		};
/* End PBXResourcesBuildPhase section */

/* Begin PBXSourcesBuildPhase section */
		957F68FB1BE06DA900698772 /* Sources */ = {
			isa = PBXSourcesBuildPhase;
			buildActionMask = 2147483647;
			files = (
				957F690A1BE06DA900698772 /* ViewController.m in Sources */,
				957F69071BE06DA900698772 /* AppDelegate.m in Sources */,
				957F69041BE06DA900698772 /* main.m in Sources */,
			);
			runOnlyForDeploymentPostprocessing = 0;
		};
		957F69141BE06DA900698772 /* Sources */ = {
			isa = PBXSourcesBuildPhase;
			buildActionMask = 2147483647;
			files = (
				957F691D1BE06DA900698772 /* TestRuntimeTests.m in Sources */,
			);
			runOnlyForDeploymentPostprocessing = 0;
		};
		957F691F1BE06DA900698772 /* Sources */ = {
			isa = PBXSourcesBuildPhase;
			buildActionMask = 2147483647;
			files = (
				957F69281BE06DA900698772 /* TestRuntimeUITests.m in Sources */,
			);
			runOnlyForDeploymentPostprocessing = 0;
		};
/* End PBXSourcesBuildPhase section */

/* Begin PBXTargetDependency section */
		957F691A1BE06DA900698772 /* PBXTargetDependency */ = {
			isa = PBXTargetDependency;
			target = 957F68FE1BE06DA900698772 /* TestRuntime */;
			targetProxy = 957F69191BE06DA900698772 /* PBXContainerItemProxy */;
		};
		957F69251BE06DA900698772 /* PBXTargetDependency */ = {
			isa = PBXTargetDependency;
			target = 957F68FE1BE06DA900698772 /* TestRuntime */;
			targetProxy = 957F69241BE06DA900698772 /* PBXContainerItemProxy */;
		};
/* End PBXTargetDependency section */

/* Begin PBXVariantGroup section */
		957F690B1BE06DA900698772 /* Main.storyboard */ = {
			isa = PBXVariantGroup;
			children = (
				957F690C1BE06DA900698772 /* Base */,
			);
			name = Main.storyboard;
			sourceTree = "<group>";
		};
		957F69101BE06DA900698772 /* LaunchScreen.storyboard */ = {
			isa = PBXVariantGroup;
			children = (
				957F69111BE06DA900698772 /* Base */,
			);
			name = LaunchScreen.storyboard;
			sourceTree = "<group>";
		};
/* End PBXVariantGroup section */

/* Begin XCBuildConfiguration section */
		957F692A1BE06DA900698772 /* Debug */ = {
			isa = XCBuildConfiguration;
			buildSettings = {
				ALWAYS_SEARCH_USER_PATHS = NO;
				CLANG_CXX_LANGUAGE_STANDARD = "gnu++0x";
				CLANG_CXX_LIBRARY = "libc++";
				CLANG_ENABLE_MODULES = YES;
				CLANG_ENABLE_OBJC_ARC = YES;
				CLANG_WARN_BOOL_CONVERSION = YES;
				CLANG_WARN_CONSTANT_CONVERSION = YES;
				CLANG_WARN_DIRECT_OBJC_ISA_USAGE = YES_ERROR;
				CLANG_WARN_EMPTY_BODY = YES;
				CLANG_WARN_ENUM_CONVERSION = YES;
				CLANG_WARN_INT_CONVERSION = YES;
				CLANG_WARN_OBJC_ROOT_CLASS = YES_ERROR;
				CLANG_WARN_UNREACHABLE_CODE = YES;
				CLANG_WARN__DUPLICATE_METHOD_MATCH = YES;
				"CODE_SIGN_IDENTITY[sdk=iphoneos*]" = "iPhone Developer";
				COPY_PHASE_STRIP = NO;
				DEBUG_INFORMATION_FORMAT = dwarf;
				ENABLE_STRICT_OBJC_MSGSEND = YES;
				ENABLE_TESTABILITY = YES;
				GCC_C_LANGUAGE_STANDARD = gnu99;
				GCC_DYNAMIC_NO_PIC = NO;
				GCC_NO_COMMON_BLOCKS = YES;
				GCC_OPTIMIZATION_LEVEL = 0;
				GCC_PREPROCESSOR_DEFINITIONS = (
					"DEBUG=1",
					"$(inherited)",
				);
				GCC_WARN_64_TO_32_BIT_CONVERSION = YES;
				GCC_WARN_ABOUT_RETURN_TYPE = YES_ERROR;
				GCC_WARN_UNDECLARED_SELECTOR = YES;
				GCC_WARN_UNINITIALIZED_AUTOS = YES_AGGRESSIVE;
				GCC_WARN_UNUSED_FUNCTION = YES;
				GCC_WARN_UNUSED_VARIABLE = YES;
				IPHONEOS_DEPLOYMENT_TARGET = 9.0;
				MTL_ENABLE_DEBUG_INFO = YES;
				ONLY_ACTIVE_ARCH = YES;
				SDKROOT = iphoneos;
				TARGETED_DEVICE_FAMILY = "1,2";
			};
			name = Debug;
		};
		957F692B1BE06DA900698772 /* Release */ = {
			isa = XCBuildConfiguration;
			buildSettings = {
				ALWAYS_SEARCH_USER_PATHS = NO;
				CLANG_CXX_LANGUAGE_STANDARD = "gnu++0x";
				CLANG_CXX_LIBRARY = "libc++";
				CLANG_ENABLE_MODULES = YES;
				CLANG_ENABLE_OBJC_ARC = YES;
				CLANG_WARN_BOOL_CONVERSION = YES;
				CLANG_WARN_CONSTANT_CONVERSION = YES;
				CLANG_WARN_DIRECT_OBJC_ISA_USAGE = YES_ERROR;
				CLANG_WARN_EMPTY_BODY = YES;
				CLANG_WARN_ENUM_CONVERSION = YES;
				CLANG_WARN_INT_CONVERSION = YES;
				CLANG_WARN_OBJC_ROOT_CLASS = YES_ERROR;
				CLANG_WARN_UNREACHABLE_CODE = YES;
				CLANG_WARN__DUPLICATE_METHOD_MATCH = YES;
				"CODE_SIGN_IDENTITY[sdk=iphoneos*]" = "iPhone Developer";
				COPY_PHASE_STRIP = NO;
				DEBUG_INFORMATION_FORMAT = "dwarf-with-dsym";
				ENABLE_NS_ASSERTIONS = NO;
				ENABLE_STRICT_OBJC_MSGSEND = YES;
				GCC_C_LANGUAGE_STANDARD = gnu99;
				GCC_NO_COMMON_BLOCKS = YES;
				GCC_WARN_64_TO_32_BIT_CONVERSION = YES;
				GCC_WARN_ABOUT_RETURN_TYPE = YES_ERROR;
				GCC_WARN_UNDECLARED_SELECTOR = YES;
				GCC_WARN_UNINITIALIZED_AUTOS = YES_AGGRESSIVE;
				GCC_WARN_UNUSED_FUNCTION = YES;
				GCC_WARN_UNUSED_VARIABLE = YES;
				IPHONEOS_DEPLOYMENT_TARGET = 9.0;
				MTL_ENABLE_DEBUG_INFO = NO;
				SDKROOT = iphoneos;
				TARGETED_DEVICE_FAMILY = "1,2";
				VALIDATE_PRODUCT = YES;
			};
			name = Release;
		};
		957F692D1BE06DA900698772 /* Debug */ = {
			isa = XCBuildConfiguration;
			buildSettings = {
				ASSETCATALOG_COMPILER_APPICON_NAME = AppIcon;
				INFOPLIST_FILE = TestRuntime/Info.plist;
				LD_RUNPATH_SEARCH_PATHS = "$(inherited) @executable_path/Frameworks";
				PRODUCT_BUNDLE_IDENTIFIER = IDcom.58.mismobile.test.TestRuntime;
				PRODUCT_NAME = "$(TARGET_NAME)";
			};
			name = Debug;
		};
		957F692E1BE06DA900698772 /* Release */ = {
			isa = XCBuildConfiguration;
			buildSettings = {
				ASSETCATALOG_COMPILER_APPICON_NAME = AppIcon;
				INFOPLIST_FILE = TestRuntime/Info.plist;
				LD_RUNPATH_SEARCH_PATHS = "$(inherited) @executable_path/Frameworks";
				PRODUCT_BUNDLE_IDENTIFIER = IDcom.58.mismobile.test.TestRuntime;
				PRODUCT_NAME = "$(TARGET_NAME)";
			};
			name = Release;
		};
		957F69301BE06DA900698772 /* Debug */ = {
			isa = XCBuildConfiguration;
			buildSettings = {
				BUNDLE_LOADER = "$(TEST_HOST)";
				INFOPLIST_FILE = TestRuntimeTests/Info.plist;
				LD_RUNPATH_SEARCH_PATHS = "$(inherited) @executable_path/Frameworks @loader_path/Frameworks";
				PRODUCT_BUNDLE_IDENTIFIER = IDcom.58.mismobile.test.TestRuntimeTests;
				PRODUCT_NAME = "$(TARGET_NAME)";
				TEST_HOST = "$(BUILT_PRODUCTS_DIR)/TestRuntime.app/TestRuntime";
			};
			name = Debug;
		};
		957F69311BE06DA900698772 /* Release */ = {
			isa = XCBuildConfiguration;
			buildSettings = {
				BUNDLE_LOADER = "$(TEST_HOST)";
				INFOPLIST_FILE = TestRuntimeTests/Info.plist;
				LD_RUNPATH_SEARCH_PATHS = "$(inherited) @executable_path/Frameworks @loader_path/Frameworks";
				PRODUCT_BUNDLE_IDENTIFIER = IDcom.58.mismobile.test.TestRuntimeTests;
				PRODUCT_NAME = "$(TARGET_NAME)";
				TEST_HOST = "$(BUILT_PRODUCTS_DIR)/TestRuntime.app/TestRuntime";
			};
			name = Release;
		};
		957F69331BE06DA900698772 /* Debug */ = {
			isa = XCBuildConfiguration;
			buildSettings = {
				INFOPLIST_FILE = TestRuntimeUITests/Info.plist;
				LD_RUNPATH_SEARCH_PATHS = "$(inherited) @executable_path/Frameworks @loader_path/Frameworks";
				PRODUCT_BUNDLE_IDENTIFIER = IDcom.58.mismobile.test.TestRuntimeUITests;
				PRODUCT_NAME = "$(TARGET_NAME)";
				TEST_TARGET_NAME = TestRuntime;
				USES_XCTRUNNER = YES;
			};
			name = Debug;
		};
		957F69341BE06DA900698772 /* Release */ = {
			isa = XCBuildConfiguration;
			buildSettings = {
				INFOPLIST_FILE = TestRuntimeUITests/Info.plist;
				LD_RUNPATH_SEARCH_PATHS = "$(inherited) @executable_path/Frameworks @loader_path/Frameworks";
				PRODUCT_BUNDLE_IDENTIFIER = IDcom.58.mismobile.test.TestRuntimeUITests;
				PRODUCT_NAME = "$(TARGET_NAME)";
				TEST_TARGET_NAME = TestRuntime;
				USES_XCTRUNNER = YES;
			};
			name = Release;
		};
/* End XCBuildConfiguration section */

/* Begin XCConfigurationList section */
		957F68FA1BE06DA900698772 /* Build configuration list for PBXProject "TestRuntime" */ = {
			isa = XCConfigurationList;
			buildConfigurations = (
				957F692A1BE06DA900698772 /* Debug */,
				957F692B1BE06DA900698772 /* Release */,
			);
			defaultConfigurationIsVisible = 0;
			defaultConfigurationName = Release;
		};
		957F692C1BE06DA900698772 /* Build configuration list for PBXNativeTarget "TestRuntime" */ = {
			isa = XCConfigurationList;
			buildConfigurations = (
				957F692D1BE06DA900698772 /* Debug */,
				957F692E1BE06DA900698772 /* Release */,
			);
			defaultConfigurationIsVisible = 0;
		};
		957F692F1BE06DA900698772 /* Build configuration list for PBXNativeTarget "TestRuntimeTests" */ = {
			isa = XCConfigurationList;
			buildConfigurations = (
				957F69301BE06DA900698772 /* Debug */,
				957F69311BE06DA900698772 /* Release */,
			);
			defaultConfigurationIsVisible = 0;
		};
		957F69321BE06DA900698772 /* Build configuration list for PBXNativeTarget "TestRuntimeUITests" */ = {
			isa = XCConfigurationList;
			buildConfigurations = (
				957F69331BE06DA900698772 /* Debug */,
				957F69341BE06DA900698772 /* Release */,
			);
			defaultConfigurationIsVisible = 0;
		};
/* End XCConfigurationList section */
	};
	rootObject = 957F68F71BE06DA900698772 /* Project object */;
}
